github.com/hippodribble/quickcheck v0.1.2 h1:xC8nsqspB76iRrBDkwT6eetZprxHKCAabysxdZea9E8=
github.com/hippodribble/quickcheck v0.1.2/go.mod h1:QcK/7YBr5WqbT7NFV9lGERqQw3X10i+ay/f10psDWMI=
github.com/hippodribble/testignore v0.1.7 h1:5GJUv/GbAE5dB7rXxt2c89E24zEZL7LaTRTE/sa2jaY=
github.com/hippodribble/testignore v0.1.7/go.mod h1:p+Vk4XCeJtPZXtEP38g61MoRc7eW9RnRRX7XJE9N6Qo=
